
Microsoft Visual Studio Solution File, Format Version 12.00
# Visual Studio Version 17
VisualStudioVersion = 17.7.34221.43
MinimumVisualStudioVersion = 10.0.40219.1
Project("{F184B08F-C81C-45F6-A57F-5ABD9991F28F}") = "Basic Compress Image", "Basic Compress Image.vbproj", "{C2681184-E839-40A9-8D13-5284DAD8D114}"
EndProject
Global
	GlobalSection(SolutionConfigurationPlatforms) = preSolution
		Debug|Any CPU = Debug|Any CPU
		Release|Any CPU = Release|Any CPU
	EndGlobalSection
	GlobalSection(ProjectConfigurationPlatforms) = postSolution
		{C2681184-E839-40A9-8D13-5284DAD8D114}.Debug|Any CPU.ActiveCfg = Debug|Any CPU
		{C2681184-E839-40A9-8D13-5284DAD8D114}.Debug|Any CPU.Build.0 = Debug|Any CPU
		{C2681184-E839-40A9-8D13-5284DAD8D114}.Release|Any CPU.ActiveCfg = Release|Any CPU
		{C2681184-E839-40A9-8D13-5284DAD8D114}.Release|Any CPU.Build.0 = Release|Any CPU
	EndGlobalSection
	GlobalSection(SolutionProperties) = preSolution
		HideSolutionNode = FALSE
	EndGlobalSection
	GlobalSection(ExtensibilityGlobals) = postSolution
		SolutionGuid = {EEAA9386-4FC1-484C-AEAB-98194A2DFCBE}
	EndGlobalSection
EndGlobal
